
Microsoft Visual Studio Solution File, Format Version 12.00
# Visual Studio Version 17
Project("{8BC9CEB8-8B4A-11D0-8D11-00A0C91BC942}") = "ALL_BUILD", "ALL_BUILD.vcxproj", "{352DA099-2EF9-312B-BDF6-240AD47AECA5}"
	ProjectSection(ProjectDependencies) = postProject
		{3F91C2B9-A080-3D36-A50C-D247459E443A} = {3F91C2B9-A080-3D36-A50C-D247459E443A}
		{6261C3A4-ED85-3E36-8311-88E77D9CC432} = {6261C3A4-ED85-3E36-8311-88E77D9CC432}
	EndProjectSection
EndProject
Project("{8BC9CEB8-8B4A-11D0-8D11-00A0C91BC942}") = "ZERO_CHECK", "ZERO_CHECK.vcxproj", "{3F91C2B9-A080-3D36-A50C-D247459E443A}"
	ProjectSection(ProjectDependencies) = postProject
	EndProjectSection
EndProject
Project("{8BC9CEB8-8B4A-11D0-8D11-00A0C91BC942}") = "myfirstaibot", "myfirstaibot.vcxproj", "{6261C3A4-ED85-3E36-8311-88E77D9CC432}"
	ProjectSection(ProjectDependencies) = postProject
		{3F91C2B9-A080-3D36-A50C-D247459E443A} = {3F91C2B9-A080-3D36-A50C-D247459E443A}
	EndProjectSection
EndProject
Global
	GlobalSection(SolutionConfigurationPlatforms) = preSolution
		Debug|x64 = Debug|x64
		Release|x64 = Release|x64
		MinSizeRel|x64 = MinSizeRel|x64
		RelWithDebInfo|x64 = RelWithDebInfo|x64
	EndGlobalSection
	GlobalSection(ProjectConfigurationPlatforms) = postSolution
		{352DA099-2EF9-312B-BDF6-240AD47AECA5}.Debug|x64.ActiveCfg = Debug|x64
		{352DA099-2EF9-312B-BDF6-240AD47AECA5}.Release|x64.ActiveCfg = Release|x64
		{352DA099-2EF9-312B-BDF6-240AD47AECA5}.MinSizeRel|x64.ActiveCfg = MinSizeRel|x64
		{352DA099-2EF9-312B-BDF6-240AD47AECA5}.RelWithDebInfo|x64.ActiveCfg = RelWithDebInfo|x64
		{3F91C2B9-A080-3D36-A50C-D247459E443A}.Debug|x64.ActiveCfg = Debug|x64
		{3F91C2B9-A080-3D36-A50C-D247459E443A}.Debug|x64.Build.0 = Debug|x64
		{3F91C2B9-A080-3D36-A50C-D247459E443A}.Release|x64.ActiveCfg = Release|x64
		{3F91C2B9-A080-3D36-A50C-D247459E443A}.Release|x64.Build.0 = Release|x64
		{3F91C2B9-A080-3D36-A50C-D247459E443A}.MinSizeRel|x64.ActiveCfg = MinSizeRel|x64
		{3F91C2B9-A080-3D36-A50C-D247459E443A}.MinSizeRel|x64.Build.0 = MinSizeRel|x64
		{3F91C2B9-A080-3D36-A50C-D247459E443A}.RelWithDebInfo|x64.ActiveCfg = RelWithDebInfo|x64
		{3F91C2B9-A080-3D36-A50C-D247459E443A}.RelWithDebInfo|x64.Build.0 = RelWithDebInfo|x64
		{6261C3A4-ED85-3E36-8311-88E77D9CC432}.Debug|x64.ActiveCfg = Debug|x64
		{6261C3A4-ED85-3E36-8311-88E77D9CC432}.Debug|x64.Build.0 = Debug|x64
		{6261C3A4-ED85-3E36-8311-88E77D9CC432}.Release|x64.ActiveCfg = Release|x64
		{6261C3A4-ED85-3E36-8311-88E77D9CC432}.Release|x64.Build.0 = Release|x64
		{6261C3A4-ED85-3E36-8311-88E77D9CC432}.MinSizeRel|x64.ActiveCfg = MinSizeRel|x64
		{6261C3A4-ED85-3E36-8311-88E77D9CC432}.MinSizeRel|x64.Build.0 = MinSizeRel|x64
		{6261C3A4-ED85-3E36-8311-88E77D9CC432}.RelWithDebInfo|x64.ActiveCfg = RelWithDebInfo|x64
		{6261C3A4-ED85-3E36-8311-88E77D9CC432}.RelWithDebInfo|x64.Build.0 = RelWithDebInfo|x64
	EndGlobalSection
	GlobalSection(ExtensibilityGlobals) = postSolution
		SolutionGuid = {67FBFA33-FF03-3B6A-8737-068617F9EF51}
	EndGlobalSection
	GlobalSection(ExtensibilityAddIns) = postSolution
	EndGlobalSection
EndGlobal
